
Microsoft Visual Studio Solution File, Format Version 12.00
# Visual Studio 15
VisualStudioVersion = 15.0.27703.2018
MinimumVisualStudioVersion = 10.0.40219.1
Project("{FAE04EC0-301F-11D3-BF4B-00C04F79EFBC}") = "TravelRecords.Android", "TravelRecords\TravelRecords.Android\TravelRecords.Android.csproj", "{45331244-AB3D-4F97-A7B9-8D8C3A753CEE}"
EndProject
Project("{FAE04EC0-301F-11D3-BF4B-00C04F79EFBC}") = "TravelRecords.iOS", "TravelRecords\TravelRecords.iOS\TravelRecords.iOS.csproj", "{28D5F652-B1F2-4B03-9F68-F6EE0980199D}"
EndProject
Project("{FAE04EC0-301F-11D3-BF4B-00C04F79EFBC}") = "TravelRecords", "TravelRecords\TravelRecords\TravelRecords.csproj", "{7C17C7AD-6C88-480A-8C15-B500F8DC243D}"
EndProject
Global
	GlobalSection(SolutionConfigurationPlatforms) = preSolution
		Ad-Hoc|Any CPU = Ad-Hoc|Any CPU
		Ad-Hoc|iPhone = Ad-Hoc|iPhone
		Ad-Hoc|iPhoneSimulator = Ad-Hoc|iPhoneSimulator
		AppStore|Any CPU = AppStore|Any CPU
		AppStore|iPhone = AppStore|iPhone
		AppStore|iPhoneSimulator = AppStore|iPhoneSimulator
		Debug|Any CPU = Debug|Any CPU
		Debug|iPhone = Debug|iPhone
		Debug|iPhoneSimulator = Debug|iPhoneSimulator
		Release|Any CPU = Release|Any CPU
		Release|iPhone = Release|iPhone
		Release|iPhoneSimulator = Release|iPhoneSimulator
	EndGlobalSection
	GlobalSection(ProjectConfigurationPlatforms) = postSolution
		{45331244-AB3D-4F97-A7B9-8D8C3A753CEE}.Ad-Hoc|Any CPU.ActiveCfg = Release|Any CPU
		{45331244-AB3D-4F97-A7B9-8D8C3A753CEE}.Ad-Hoc|Any CPU.Build.0 = Release|Any CPU
		{45331244-AB3D-4F97-A7B9-8D8C3A753CEE}.Ad-Hoc|Any CPU.Deploy.0 = Release|Any CPU
		{45331244-AB3D-4F97-A7B9-8D8C3A753CEE}.Ad-Hoc|iPhone.ActiveCfg = Release|Any CPU
		{45331244-AB3D-4F97-A7B9-8D8C3A753CEE}.Ad-Hoc|iPhone.Build.0 = Release|Any CPU
		{45331244-AB3D-4F97-A7B9-8D8C3A753CEE}.Ad-Hoc|iPhone.Deploy.0 = Release|Any CPU
		{45331244-AB3D-4F97-A7B9-8D8C3A753CEE}.Ad-Hoc|iPhoneSimulator.ActiveCfg = Release|Any CPU
		{45331244-AB3D-4F97-A7B9-8D8C3A753CEE}.Ad-Hoc|iPhoneSimulator.Build.0 = Release|Any CPU
		{45331244-AB3D-4F97-A7B9-8D8C3A753CEE}.Ad-Hoc|iPhoneSimulator.Deploy.0 = Release|Any CPU
		{45331244-AB3D-4F97-A7B9-8D8C3A753CEE}.AppStore|Any CPU.ActiveCfg = Release|Any CPU
		{45331244-AB3D-4F97-A7B9-8D8C3A753CEE}.AppStore|Any CPU.Build.0 = Release|Any CPU
		{45331244-AB3D-4F97-A7B9-8D8C3A753CEE}.AppStore|Any CPU.Deploy.0 = Release|Any CPU
		{45331244-AB3D-4F97-A7B9-8D8C3A753CEE}.AppStore|iPhone.ActiveCfg = Release|Any CPU
		{45331244-AB3D-4F97-A7B9-8D8C3A753CEE}.AppStore|iPhone.Build.0 = Release|Any CPU
		{45331244-AB3D-4F97-A7B9-8D8C3A753CEE}.AppStore|iPhone.Deploy.0 = Release|Any CPU
		{45331244-AB3D-4F97-A7B9-8D8C3A753CEE}.AppStore|iPhoneSimulator.ActiveCfg = Release|Any CPU
		{45331244-AB3D-4F97-A7B9-8D8C3A753CEE}.AppStore|iPhoneSimulator.Build.0 = Release|Any CPU
		{45331244-AB3D-4F97-A7B9-8D8C3A753CEE}.AppStore|iPhoneSimulator.Deploy.0 = Release|Any CPU
		{45331244-AB3D-4F97-A7B9-8D8C3A753CEE}.Debug|Any CPU.ActiveCfg = Debug|Any CPU
		{45331244-AB3D-4F97-A7B9-8D8C3A753CEE}.Debug|Any CPU.Build.0 = Debug|Any CPU
		{45331244-AB3D-4F97-A7B9-8D8C3A753CEE}.Debug|Any CPU.Deploy.0 = Debug|Any CPU
		{45331244-AB3D-4F97-A7B9-8D8C3A753CEE}.Debug|iPhone.ActiveCfg = Debug|Any CPU
		{45331244-AB3D-4F97-A7B9-8D8C3A753CEE}.Debug|iPhone.Build.0 = Debug|Any CPU
		{45331244-AB3D-4F97-A7B9-8D8C3A753CEE}.Debug|iPhone.Deploy.0 = Debug|Any CPU
		{45331244-AB3D-4F97-A7B9-8D8C3A753CEE}.Debug|iPhoneSimulator.ActiveCfg = Debug|Any CPU
		{45331244-AB3D-4F97-A7B9-8D8C3A753CEE}.Debug|iPhoneSimulator.Build.0 = Debug|Any CPU
		{45331244-AB3D-4F97-A7B9-8D8C3A753CEE}.Debug|iPhoneSimulator.Deploy.0 = Debug|Any CPU
		{45331244-AB3D-4F97-A7B9-8D8C3A753CEE}.Release|Any CPU.ActiveCfg = Release|Any CPU
		{45331244-AB3D-4F97-A7B9-8D8C3A753CEE}.Release|Any CPU.Build.0 = Release|Any CPU
		{45331244-AB3D-4F97-A7B9-8D8C3A753CEE}.Release|Any CPU.Deploy.0 = Release|Any CPU
		{45331244-AB3D-4F97-A7B9-8D8C3A753CEE}.Release|iPhone.ActiveCfg = Release|Any CPU
		{45331244-AB3D-4F97-A7B9-8D8C3A753CEE}.Release|iPhone.Build.0 = Release|Any CPU
		{45331244-AB3D-4F97-A7B9-8D8C3A753CEE}.Release|iPhone.Deploy.0 = Release|Any CPU
		{45331244-AB3D-4F97-A7B9-8D8C3A753CEE}.Release|iPhoneSimulator.ActiveCfg = Release|Any CPU
		{45331244-AB3D-4F97-A7B9-8D8C3A753CEE}.Release|iPhoneSimulator.Build.0 = Release|Any CPU
		{45331244-AB3D-4F97-A7B9-8D8C3A753CEE}.Release|iPhoneSimulator.Deploy.0 = Release|Any CPU
		{28D5F652-B1F2-4B03-9F68-F6EE0980199D}.Ad-Hoc|Any CPU.ActiveCfg = Ad-Hoc|iPhone
		{28D5F652-B1F2-4B03-9F68-F6EE0980199D}.Ad-Hoc|Any CPU.Build.0 = Ad-Hoc|iPhone
		{28D5F652-B1F2-4B03-9F68-F6EE0980199D}.Ad-Hoc|Any CPU.Deploy.0 = Ad-Hoc|iPhone
		{28D5F652-B1F2-4B03-9F68-F6EE0980199D}.Ad-Hoc|iPhone.ActiveCfg = Ad-Hoc|iPhone
		{28D5F652-B1F2-4B03-9F68-F6EE0980199D}.Ad-Hoc|iPhone.Build.0 = Ad-Hoc|iPhone
		{28D5F652-B1F2-4B03-9F68-F6EE0980199D}.Ad-Hoc|iPhone.Deploy.0 = Ad-Hoc|iPhone
		{28D5F652-B1F2-4B03-9F68-F6EE0980199D}.Ad-Hoc|iPhoneSimulator.ActiveCfg = Ad-Hoc|iPhoneSimulator
		{28D5F652-B1F2-4B03-9F68-F6EE0980199D}.Ad-Hoc|iPhoneSimulator.Build.0 = Ad-Hoc|iPhoneSimulator
		{28D5F652-B1F2-4B03-9F68-F6EE0980199D}.Ad-Hoc|iPhoneSimulator.Deploy.0 = Ad-Hoc|iPhoneSimulator
		{28D5F652-B1F2-4B03-9F68-F6EE0980199D}.AppStore|Any CPU.ActiveCfg = AppStore|iPhone
		{28D5F652-B1F2-4B03-9F68-F6EE0980199D}.AppStore|Any CPU.Build.0 = AppStore|iPhone
		{28D5F652-B1F2-4B03-9F68-F6EE0980199D}.AppStore|Any CPU.Deploy.0 = AppStore|iPhone
		{28D5F652-B1F2-4B03-9F68-F6EE0980199D}.AppStore|iPhone.ActiveCfg = AppStore|iPhone
		{28D5F652-B1F2-4B03-9F68-F6EE0980199D}.AppStore|iPhone.Build.0 = AppStore|iPhone
		{28D5F652-B1F2-4B03-9F68-F6EE0980199D}.AppStore|iPhone.Deploy.0 = AppStore|iPhone
		{28D5F652-B1F2-4B03-9F68-F6EE0980199D}.AppStore|iPhoneSimulator.ActiveCfg = AppStore|iPhoneSimulator
		{28D5F652-B1F2-4B03-9F68-F6EE0980199D}.AppStore|iPhoneSimulator.Build.0 = AppStore|iPhoneSimulator
		{28D5F652-B1F2-4B03-9F68-F6EE0980199D}.AppStore|iPhoneSimulator.Deploy.0 = AppStore|iPhoneSimulator
		{28D5F652-B1F2-4B03-9F68-F6EE0980199D}.Debug|Any CPU.ActiveCfg = Debug|iPhoneSimulator
		{28D5F652-B1F2-4B03-9F68-F6EE0980199D}.Debug|Any CPU.Build.0 = Debug|iPhoneSimulator
		{28D5F652-B1F2-4B03-9F68-F6EE0980199D}.Debug|Any CPU.Deploy.0 = Debug|iPhoneSimulator
		{28D5F652-B1F2-4B03-9F68-F6EE0980199D}.Debug|iPhone.ActiveCfg = Debug|iPhone
		{28D5F652-B1F2-4B03-9F68-F6EE0980199D}.Debug|iPhone.Build.0 = Debug|iPhone
		{28D5F652-B1F2-4B03-9F68-F6EE0980199D}.Debug|iPhone.Deploy.0 = Debug|iPhone
		{28D5F652-B1F2-4B03-9F68-F6EE0980199D}.Debug|iPhoneSimulator.ActiveCfg = Debug|iPhoneSimulator
		{28D5F652-B1F2-4B03-9F68-F6EE0980199D}.Debug|iPhoneSimulator.Build.0 = Debug|iPhoneSimulator
		{28D5F652-B1F2-4B03-9F68-F6EE0980199D}.Debug|iPhoneSimulator.Deploy.0 = Debug|iPhoneSimulator
		{28D5F652-B1F2-4B03-9F68-F6EE0980199D}.Release|Any CPU.ActiveCfg = Release|iPhone
		{28D5F652-B1F2-4B03-9F68-F6EE0980199D}.Release|Any CPU.Build.0 = Release|iPhone
		{28D5F652-B1F2-4B03-9F68-F6EE0980199D}.Release|Any CPU.Deploy.0 = Release|iPhone
		{28D5F652-B1F2-4B03-9F68-F6EE0980199D}.Release|iPhone.ActiveCfg = Release|iPhone
		{28D5F652-B1F2-4B03-9F68-F6EE0980199D}.Release|iPhone.Build.0 = Release|iPhone
		{28D5F652-B1F2-4B03-9F68-F6EE0980199D}.Release|iPhone.Deploy.0 = Release|iPhone
		{28D5F652-B1F2-4B03-9F68-F6EE0980199D}.Release|iPhoneSimulator.ActiveCfg = Release|iPhoneSimulator
		{28D5F652-B1F2-4B03-9F68-F6EE0980199D}.Release|iPhoneSimulator.Build.0 = Release|iPhoneSimulator
		{28D5F652-B1F2-4B03-9F68-F6EE0980199D}.Release|iPhoneSimulator.Deploy.0 = Release|iPhoneSimulator
		{7C17C7AD-6C88-480A-8C15-B500F8DC243D}.Ad-Hoc|Any CPU.ActiveCfg = Debug|Any CPU
		{7C17C7AD-6C88-480A-8C15-B500F8DC243D}.Ad-Hoc|Any CPU.Build.0 = Debug|Any CPU
		{7C17C7AD-6C88-480A-8C15-B500F8DC243D}.Ad-Hoc|Any CPU.Deploy.0 = Debug|Any CPU
		{7C17C7AD-6C88-480A-8C15-B500F8DC243D}.Ad-Hoc|iPhone.ActiveCfg = Debug|Any CPU
		{7C17C7AD-6C88-480A-8C15-B500F8DC243D}.Ad-Hoc|iPhone.Build.0 = Debug|Any CPU
		{7C17C7AD-6C88-480A-8C15-B500F8DC243D}.Ad-Hoc|iPhone.Deploy.0 = Debug|Any CPU
		{7C17C7AD-6C88-480A-8C15-B500F8DC243D}.Ad-Hoc|iPhoneSimulator.ActiveCfg = Debug|Any CPU
		{7C17C7AD-6C88-480A-8C15-B500F8DC243D}.Ad-Hoc|iPhoneSimulator.Build.0 = Debug|Any CPU
		{7C17C7AD-6C88-480A-8C15-B500F8DC243D}.Ad-Hoc|iPhoneSimulator.Deploy.0 = Debug|Any CPU
		{7C17C7AD-6C88-480A-8C15-B500F8DC243D}.AppStore|Any CPU.ActiveCfg = Debug|Any CPU
		{7C17C7AD-6C88-480A-8C15-B500F8DC243D}.AppStore|Any CPU.Build.0 = Debug|Any CPU
		{7C17C7AD-6C88-480A-8C15-B500F8DC243D}.AppStore|Any CPU.Deploy.0 = Debug|Any CPU
		{7C17C7AD-6C88-480A-8C15-B500F8DC243D}.AppStore|iPhone.ActiveCfg = Debug|Any CPU
		{7C17C7AD-6C88-480A-8C15-B500F8DC243D}.AppStore|iPhone.Build.0 = Debug|Any CPU
		{7C17C7AD-6C88-480A-8C15-B500F8DC243D}.AppStore|iPhone.Deploy.0 = Debug|Any CPU
		{7C17C7AD-6C88-480A-8C15-B500F8DC243D}.AppStore|iPhoneSimulator.ActiveCfg = Debug|Any CPU
		{7C17C7AD-6C88-480A-8C15-B500F8DC243D}.AppStore|iPhoneSimulator.Build.0 = Debug|Any CPU
		{7C17C7AD-6C88-480A-8C15-B500F8DC243D}.AppStore|iPhoneSimulator.Deploy.0 = Debug|Any CPU
		{7C17C7AD-6C88-480A-8C15-B500F8DC243D}.Debug|Any CPU.ActiveCfg = Debug|Any CPU
		{7C17C7AD-6C88-480A-8C15-B500F8DC243D}.Debug|Any CPU.Build.0 = Debug|Any CPU
		{7C17C7AD-6C88-480A-8C15-B500F8DC243D}.Debug|Any CPU.Deploy.0 = Debug|Any CPU
		{7C17C7AD-6C88-480A-8C15-B500F8DC243D}.Debug|iPhone.ActiveCfg = Debug|Any CPU
		{7C17C7AD-6C88-480A-8C15-B500F8DC243D}.Debug|iPhone.Build.0 = Debug|Any CPU
		{7C17C7AD-6C88-480A-8C15-B500F8DC243D}.Debug|iPhone.Deploy.0 = Debug|Any CPU
		{7C17C7AD-6C88-480A-8C15-B500F8DC243D}.Debug|iPhoneSimulator.ActiveCfg = Debug|Any CPU
		{7C17C7AD-6C88-480A-8C15-B500F8DC243D}.Debug|iPhoneSimulator.Build.0 = Debug|Any CPU
		{7C17C7AD-6C88-480A-8C15-B500F8DC243D}.Debug|iPhoneSimulator.Deploy.0 = Debug|Any CPU
		{7C17C7AD-6C88-480A-8C15-B500F8DC243D}.Release|Any CPU.ActiveCfg = Release|Any CPU
		{7C17C7AD-6C88-480A-8C15-B500F8DC243D}.Release|Any CPU.Build.0 = Release|Any CPU
		{7C17C7AD-6C88-480A-8C15-B500F8DC243D}.Release|Any CPU.Deploy.0 = Release|Any CPU
		{7C17C7AD-6C88-480A-8C15-B500F8DC243D}.Release|iPhone.ActiveCfg = Release|Any CPU
		{7C17C7AD-6C88-480A-8C15-B500F8DC243D}.Release|iPhone.Build.0 = Release|Any CPU
		{7C17C7AD-6C88-480A-8C15-B500F8DC243D}.Release|iPhone.Deploy.0 = Release|Any CPU
		{7C17C7AD-6C88-480A-8C15-B500F8DC243D}.Release|iPhoneSimulator.ActiveCfg = Release|Any CPU
		{7C17C7AD-6C88-480A-8C15-B500F8DC243D}.Release|iPhoneSimulator.Build.0 = Release|Any CPU
		{7C17C7AD-6C88-480A-8C15-B500F8DC243D}.Release|iPhoneSimulator.Deploy.0 = Release|Any CPU
	EndGlobalSection
	GlobalSection(SolutionProperties) = preSolution
		HideSolutionNode = FALSE
	EndGlobalSection
	GlobalSection(ExtensibilityGlobals) = postSolution
		SolutionGuid = {A3F6E660-4C77-47DA-AE7C-4D8EBAAA0D3F}
	EndGlobalSection
EndGlobal
